# Immutable processor images published by the ArtifactFlow release named below.
# Empty values mean that the pinned release did not publish that processor; the
# installer and deploy script fail closed if an operator tries to enable it.
#
# Pinned release: ArtifactFlow v0.3.0
PDF_PROCESSOR_IMAGE=ghcr.io/gadsotek/artifactflow-pdf-processor@sha256:6796e018bd0138715e0d10bca9fd84bf2c77734fbb634a5f89537012619f8c74
XLSX_PROCESSOR_IMAGE=ghcr.io/gadsotek/artifactflow-xlsx-processor@sha256:c640f0519965d85a55d384e7e2b898a3bdd26aacec48d66fd19eeac13e032331
DOCX_PROCESSOR_IMAGE=ghcr.io/gadsotek/artifactflow-docx-processor@sha256:633e11a3689e900ede40139dfc4286b74dc90d9addb705509396b2b432e190f4
